
Microsoft Visual Studio Solution File, Format Version 12.00
# Visual Studio Version 16
VisualStudioVersion = 16.0.32428.217
MinimumVisualStudioVersion = 10.0.40219.1
Project("{FAE04EC0-301F-11D3-BF4B-00C04F79EFBC}") = "U21557277__HW04", "U21557277__HW04\U21557277__HW04.csproj", "{7E9FE0CA-A77A-4FFD-9D7C-B179361DE427}"
EndProject
Global
	GlobalSection(SolutionConfigurationPlatforms) = preSolution
		Debug|Any CPU = Debug|Any CPU
		Release|Any CPU = Release|Any CPU
	EndGlobalSection
	GlobalSection(ProjectConfigurationPlatforms) = postSolution
		{7E9FE0CA-A77A-4FFD-9D7C-B179361DE427}.Debug|Any CPU.ActiveCfg = Debug|Any CPU
		{7E9FE0CA-A77A-4FFD-9D7C-B179361DE427}.Debug|Any CPU.Build.0 = Debug|Any CPU
		{7E9FE0CA-A77A-4FFD-9D7C-B179361DE427}.Release|Any CPU.ActiveCfg = Release|Any CPU
		{7E9FE0CA-A77A-4FFD-9D7C-B179361DE427}.Release|Any CPU.Build.0 = Release|Any CPU
	EndGlobalSection
	GlobalSection(SolutionProperties) = preSolution
		HideSolutionNode = FALSE
	EndGlobalSection
	GlobalSection(ExtensibilityGlobals) = postSolution
		SolutionGuid = {BE82D8FC-1FB8-47F7-B407-0E2CD7B90755}
	EndGlobalSection
EndGlobal
